
Microsoft Visual Studio Solution File, Format Version 12.00
# Visual Studio 14
VisualStudioVersion = 14.0.25420.1
MinimumVisualStudioVersion = 10.0.40219.1
Project("{FAE04EC0-301F-11D3-BF4B-00C04F79EFBC}") = "pdfmaker", "pdfmaker\pdfmaker.csproj", "{1707BA18-9B97-4ABD-BDDB-34C737DD1B1B}"
EndProject
Project("{FAE04EC0-301F-11D3-BF4B-00C04F79EFBC}") = "text", "text\text.csproj", "{91128985-2C07-4DDD-BEDA-E49737F7C47A}"
EndProject
Global
	GlobalSection(SolutionConfigurationPlatforms) = preSolution
		Debug|Any CPU = Debug|Any CPU
		Release|Any CPU = Release|Any CPU
	EndGlobalSection
	GlobalSection(ProjectConfigurationPlatforms) = postSolution
		{1707BA18-9B97-4ABD-BDDB-34C737DD1B1B}.Debug|Any CPU.ActiveCfg = Debug|Any CPU
		{1707BA18-9B97-4ABD-BDDB-34C737DD1B1B}.Debug|Any CPU.Build.0 = Debug|Any CPU
		{1707BA18-9B97-4ABD-BDDB-34C737DD1B1B}.Release|Any CPU.ActiveCfg = Release|Any CPU
		{1707BA18-9B97-4ABD-BDDB-34C737DD1B1B}.Release|Any CPU.Build.0 = Release|Any CPU
		{91128985-2C07-4DDD-BEDA-E49737F7C47A}.Debug|Any CPU.ActiveCfg = Debug|Any CPU
		{91128985-2C07-4DDD-BEDA-E49737F7C47A}.Debug|Any CPU.Build.0 = Debug|Any CPU
		{91128985-2C07-4DDD-BEDA-E49737F7C47A}.Release|Any CPU.ActiveCfg = Release|Any CPU
		{91128985-2C07-4DDD-BEDA-E49737F7C47A}.Release|Any CPU.Build.0 = Release|Any CPU
	EndGlobalSection
	GlobalSection(SolutionProperties) = preSolution
		HideSolutionNode = FALSE
	EndGlobalSection
EndGlobal
